Microsoft Visual Studio Solution File, Format Version 12.00
# Visual Studio Version 17
VisualStudioVersion = 17.5.2.0
MinimumVisualStudioVersion = 10.0.40219.1
Project("{2150E333-8FDC-42A3-9474-1A3956D46DE8}") = "references", "references", "{6F541E33-C800-E7AC-2B01-E8B2D19F86AA}"
EndProject
Project("{2150E333-8FDC-42A3-9474-1A3956D46DE8}") = "wamr", "wamr", "{1E996EF0-2A19-505D-5E30-6ECB96F7EB2E}"
EndProject
Project("{2150E333-8FDC-42A3-9474-1A3956D46DE8}") = "samples", "samples", "{8B75A205-CB8A-382B-FB6F-FDC80FF6EC8F}"
EndProject
Project("{2150E333-8FDC-42A3-9474-1A3956D46DE8}") = "sgx-ra", "sgx-ra", "{8E811940-9221-FCBC-16B1-71053BB8CA34}"
EndProject
Project("{2150E333-8FDC-42A3-9474-1A3956D46DE8}") = "non-sgx-verify", "non-sgx-verify", "{04A4DDB2-B920-3853-8926-5F0C9202C15C}"
EndProject
Project("{2150E333-8FDC-42A3-9474-1A3956D46DE8}") = "csharp", "csharp", "{8BA36A95-5F98-720D-A5E8-78B922DD644C}"
EndProject
Project("{FAE04EC0-301F-11D3-BF4B-00C04F79EFBC}") = "VerifyEvidence", "references\wamr\samples\sgx-ra\non-sgx-verify\csharp\VerifyEvidence.csproj", "{40B57C3B-FC82-5204-3911-488CDD6497C4}"
EndProject
Global
	GlobalSection(SolutionConfigurationPlatforms) = preSolution
		Debug|Any CPU = Debug|Any CPU
		Release|Any CPU = Release|Any CPU
	EndGlobalSection
	GlobalSection(ProjectConfigurationPlatforms) = postSolution
		{40B57C3B-FC82-5204-3911-488CDD6497C4}.Debug|Any CPU.ActiveCfg = Debug|Any CPU
		{40B57C3B-FC82-5204-3911-488CDD6497C4}.Debug|Any CPU.Build.0 = Debug|Any CPU
		{40B57C3B-FC82-5204-3911-488CDD6497C4}.Release|Any CPU.ActiveCfg = Release|Any CPU
		{40B57C3B-FC82-5204-3911-488CDD6497C4}.Release|Any CPU.Build.0 = Release|Any CPU
	EndGlobalSection
	GlobalSection(SolutionProperties) = preSolution
		HideSolutionNode = FALSE
	EndGlobalSection
	GlobalSection(NestedProjects) = preSolution
		{1E996EF0-2A19-505D-5E30-6ECB96F7EB2E} = {6F541E33-C800-E7AC-2B01-E8B2D19F86AA}
		{8B75A205-CB8A-382B-FB6F-FDC80FF6EC8F} = {1E996EF0-2A19-505D-5E30-6ECB96F7EB2E}
		{8E811940-9221-FCBC-16B1-71053BB8CA34} = {8B75A205-CB8A-382B-FB6F-FDC80FF6EC8F}
		{04A4DDB2-B920-3853-8926-5F0C9202C15C} = {8E811940-9221-FCBC-16B1-71053BB8CA34}
		{8BA36A95-5F98-720D-A5E8-78B922DD644C} = {04A4DDB2-B920-3853-8926-5F0C9202C15C}
		{40B57C3B-FC82-5204-3911-488CDD6497C4} = {8BA36A95-5F98-720D-A5E8-78B922DD644C}
	EndGlobalSection
	GlobalSection(ExtensibilityGlobals) = postSolution
		SolutionGuid = {CCE28FF6-28A3-4886-8DED-F036502FE746}
	EndGlobalSection
EndGlobal
