Microsoft Visual Studio Solution File, Format Version 12.00
# Visual Studio Version 17
VisualStudioVersion = 17.5.2.0
MinimumVisualStudioVersion = 10.0.40219.1
Project("{2150E333-8FDC-42A3-9474-1A3956D46DE8}") = "docs", "docs", "{208BA388-4CEE-2CBF-559C-5607C099C1F8}"
EndProject
Project("{2150E333-8FDC-42A3-9474-1A3956D46DE8}") = "references", "references", "{D870B34E-3C28-21AC-6EA1-2CAB45E51C95}"
EndProject
Project("{2150E333-8FDC-42A3-9474-1A3956D46DE8}") = "wamr", "wamr", "{2EB681DF-9061-E301-D016-BF8AEC33C65D}"
EndProject
Project("{2150E333-8FDC-42A3-9474-1A3956D46DE8}") = "samples", "samples", "{CCEB121A-3A39-D378-F193-E7F96418E379}"
EndProject
Project("{2150E333-8FDC-42A3-9474-1A3956D46DE8}") = "sgx-ra", "sgx-ra", "{8AFEDCDB-625A-674E-E762-B4DD7041F86F}"
EndProject
Project("{2150E333-8FDC-42A3-9474-1A3956D46DE8}") = "non-sgx-verify", "non-sgx-verify", "{54C968B7-AFD2-8C2A-AE25-836C5262023E}"
EndProject
Project("{2150E333-8FDC-42A3-9474-1A3956D46DE8}") = "csharp", "csharp", "{86DDB1A8-A3F4-81AA-877F-0F285A348CCF}"
EndProject
Project("{FAE04EC0-301F-11D3-BF4B-00C04F79EFBC}") = "VerifyEvidence", "docs\references\wamr\samples\sgx-ra\non-sgx-verify\csharp\VerifyEvidence.csproj", "{D483CEF7-1806-3C68-77C3-E0969E300446}"
EndProject
Global
	GlobalSection(SolutionConfigurationPlatforms) = preSolution
		Debug|Any CPU = Debug|Any CPU
		Release|Any CPU = Release|Any CPU
	EndGlobalSection
	GlobalSection(ProjectConfigurationPlatforms) = postSolution
		{D483CEF7-1806-3C68-77C3-E0969E300446}.Debug|Any CPU.ActiveCfg = Debug|Any CPU
		{D483CEF7-1806-3C68-77C3-E0969E300446}.Debug|Any CPU.Build.0 = Debug|Any CPU
		{D483CEF7-1806-3C68-77C3-E0969E300446}.Release|Any CPU.ActiveCfg = Release|Any CPU
		{D483CEF7-1806-3C68-77C3-E0969E300446}.Release|Any CPU.Build.0 = Release|Any CPU
	EndGlobalSection
	GlobalSection(SolutionProperties) = preSolution
		HideSolutionNode = FALSE
	EndGlobalSection
	GlobalSection(NestedProjects) = preSolution
		{D870B34E-3C28-21AC-6EA1-2CAB45E51C95} = {208BA388-4CEE-2CBF-559C-5607C099C1F8}
		{2EB681DF-9061-E301-D016-BF8AEC33C65D} = {D870B34E-3C28-21AC-6EA1-2CAB45E51C95}
		{CCEB121A-3A39-D378-F193-E7F96418E379} = {2EB681DF-9061-E301-D016-BF8AEC33C65D}
		{8AFEDCDB-625A-674E-E762-B4DD7041F86F} = {CCEB121A-3A39-D378-F193-E7F96418E379}
		{54C968B7-AFD2-8C2A-AE25-836C5262023E} = {8AFEDCDB-625A-674E-E762-B4DD7041F86F}
		{86DDB1A8-A3F4-81AA-877F-0F285A348CCF} = {54C968B7-AFD2-8C2A-AE25-836C5262023E}
		{D483CEF7-1806-3C68-77C3-E0969E300446} = {86DDB1A8-A3F4-81AA-877F-0F285A348CCF}
	EndGlobalSection
	GlobalSection(ExtensibilityGlobals) = postSolution
		SolutionGuid = {5E16C3CE-6D8D-42B0-AB2E-14FCA21A5110}
	EndGlobalSection
EndGlobal
