<?xml version="1.0" encoding="utf-8"?>
<Project ToolsVersion="4.0" xmlns="http://schemas.microsoft.com/developer/msbuild/2003">
  <ItemGroup>
    <Filter Include="ソース ファイル">
      <UniqueIdentifier>{4FC737F1-C7A5-4376-A066-2A32D752A2FF}</UniqueIdentifier>
      <Extensions>cpp;c;cc;cxx;c++;cppm;ixx;def;odl;idl;hpj;bat;asm;asmx</Extensions>
    </Filter>
    <Filter Include="ヘッダー ファイル">
      <UniqueIdentifier>{93995380-89BD-4b04-88EB-625FBE52EBFB}</UniqueIdentifier>
      <Extensions>h;hh;hpp;hxx;h++;hm;inl;inc;ipp;xsd</Extensions>
    </Filter>
    <Filter Include="リソース ファイル">
      <UniqueIdentifier>{67DA6AB6-F800-4c08-8B7A-83BB121AAD01}</UniqueIdentifier>
      <Extensions>rc;ico;cur;bmp;dlg;rc2;rct;bin;rgs;gif;jpg;jpeg;jpe;resx;tiff;tif;png;wav;mfcribbon-ms</Extensions>
    </Filter>
    <Filter Include="ソース ファイル\allocator">
      <UniqueIdentifier>{8df744d5-938c-4ef5-8285-e56e7d72ee4a}</UniqueIdentifier>
    </Filter>
    <Filter Include="ソース ファイル\services">
      <UniqueIdentifier>{1fe4f265-1f16-49a4-ba69-e69f44f6a035}</UniqueIdentifier>
    </Filter>
    <Filter Include="ヘッダー ファイル\alllocator">
      <UniqueIdentifier>{fd06db2c-8b0f-4d0e-aa63-ef19dd52e0f4}</UniqueIdentifier>
    </Filter>
    <Filter Include="ヘッダー ファイル\services">
      <UniqueIdentifier>{cba1b983-55ef-4bb3-90be-159ca54c3ff8}</UniqueIdentifier>
    </Filter>
    <Filter Include="ソース ファイル\hal">
      <UniqueIdentifier>{3469b1ac-c8c5-4e74-a8f4-5047fdc2eecd}</UniqueIdentifier>
    </Filter>
    <Filter Include="ヘッダー ファイル\hal">
      <UniqueIdentifier>{2357ca1e-1a8e-49af-be8a-78239a3b364c}</UniqueIdentifier>
    </Filter>
    <Filter Include="ヘッダー ファイル\syscall">
      <UniqueIdentifier>{88a3acd3-ee2a-4767-8536-f08f243b8496}</UniqueIdentifier>
    </Filter>
    <Filter Include="ソース ファイル\syscall">
      <UniqueIdentifier>{4472e203-95e1-4713-aca9-4e964bfbb81c}</UniqueIdentifier>
    </Filter>
    <Filter Include="ヘッダー ファイル\wasi">
      <UniqueIdentifier>{55020381-8095-45ea-9f6b-a698f587b378}</UniqueIdentifier>
    </Filter>
    <Filter Include="ソース ファイル\wasi">
      <UniqueIdentifier>{e26b7434-ce4f-4424-9eb6-9212da2bf3c8}</UniqueIdentifier>
    </Filter>
  </ItemGroup>
  <ItemGroup>
    <None Include="packages.config" />
  </ItemGroup>
  <ItemGroup>
    <ClInclude Include="inc\allocator\bump_allocator.hxx">
      <Filter>ヘッダー ファイル\alllocator</Filter>
    </ClInclude>
    <ClInclude Include="inc\allocator\stdcxx_allocator.hxx">
      <Filter>ヘッダー ファイル\alllocator</Filter>
    </ClInclude>
    <ClInclude Include="inc\allocator\reserved_allocator.hxx">
      <Filter>ヘッダー ファイル\alllocator</Filter>
    </ClInclude>
    <ClInclude Include="inc\allocator\specified_allocator.hxx">
      <Filter>ヘッダー ファイル\alllocator</Filter>
    </ClInclude>
    <ClInclude Include="inc\services\log_service.hxx">
      <Filter>ヘッダー ファイル\services</Filter>
    </ClInclude>
    <ClInclude Include="inc\commons.hxx">
      <Filter>ヘッダー ファイル</Filter>
    </ClInclude>
    <ClInclude Include="inc\syscall\syscall.hxx">
      <Filter>ヘッダー ファイル\syscall</Filter>
    </ClInclude>
  </ItemGroup>
  <ItemGroup>
    <ClCompile Include="src\allocator\malloc.c">
      <Filter>ソース ファイル\allocator</Filter>
    </ClCompile>
    <ClCompile Include="src\services\log_service.cxx">
      <Filter>ソース ファイル\services</Filter>
    </ClCompile>
    <ClCompile Include="src\main.cxx">
      <Filter>ソース ファイル</Filter>
    </ClCompile>
    <ClCompile Include="src\allocator\stdcxx_allocator.cxx">
      <Filter>ソース ファイル\allocator</Filter>
    </ClCompile>
    <ClCompile Include="src\syacall\syscall.cxx">
      <Filter>ソース ファイル\syscall</Filter>
    </ClCompile>
  </ItemGroup>
</Project>